
Microsoft Visual Studio Solution File, Format Version 12.00
# Visual Studio Version 16
VisualStudioVersion = 16.0.30309.148
MinimumVisualStudioVersion = 10.0.40219.1
Project("{FAE04EC0-301F-11D3-BF4B-00C04F79EFBC}") = "HelloRevitApplication", "HelloRevitApplication.csproj", "{4317CA6C-5D46-487E-86F4-269B6C45DE5D}"
EndProject
Global
	GlobalSection(SolutionConfigurationPlatforms) = preSolution
		Debug|Any CPU = Debug|Any CPU
		Release|Any CPU = Release|Any CPU
	EndGlobalSection
	GlobalSection(ProjectConfigurationPlatforms) = postSolution
		{4317CA6C-5D46-487E-86F4-269B6C45DE5D}.Debug|Any CPU.ActiveCfg = Debug|Any CPU
		{4317CA6C-5D46-487E-86F4-269B6C45DE5D}.Debug|Any CPU.Build.0 = Debug|Any CPU
		{4317CA6C-5D46-487E-86F4-269B6C45DE5D}.Release|Any CPU.ActiveCfg = Release|Any CPU
		{4317CA6C-5D46-487E-86F4-269B6C45DE5D}.Release|Any CPU.Build.0 = Release|Any CPU
	EndGlobalSection
	GlobalSection(SolutionProperties) = preSolution
		HideSolutionNode = FALSE
	EndGlobalSection
	GlobalSection(ExtensibilityGlobals) = postSolution
		SolutionGuid = {8DF2C311-209F-4BC3-B1C8-B0A26BC3DCBC}
	EndGlobalSection
EndGlobal
